
Microsoft Visual Studio Solution File, Format Version 12.00
Project("{FAE04EC0-301F-11D3-BF4B-00C04F79EFBC}") = "ExportToExcel", "ExportToExcel\ExportToExcel.csproj", "{37B1B4FD-4C5A-4A72-916F-5B51F41F043F}"
EndProject
Global
	GlobalSection(SolutionConfigurationPlatforms) = preSolution
		Debug|Any CPU = Debug|Any CPU
		Release|Any CPU = Release|Any CPU
	EndGlobalSection
	GlobalSection(ProjectConfigurationPlatforms) = postSolution
		{37B1B4FD-4C5A-4A72-916F-5B51F41F043F}.Debug|Any CPU.ActiveCfg = Debug|Any CPU
		{37B1B4FD-4C5A-4A72-916F-5B51F41F043F}.Debug|Any CPU.Build.0 = Debug|Any CPU
		{37B1B4FD-4C5A-4A72-916F-5B51F41F043F}.Release|Any CPU.ActiveCfg = Release|Any CPU
		{37B1B4FD-4C5A-4A72-916F-5B51F41F043F}.Release|Any CPU.Build.0 = Release|Any CPU
	EndGlobalSection
EndGlobal
